
Microsoft Visual Studio Solution File, Format Version 12.00
# Visual Studio Version 16
VisualStudioVersion = 16.0.29519.87
MinimumVisualStudioVersion = 10.0.40219.1
Project("{FAE04EC0-301F-11D3-BF4B-00C04F79EFBC}") = "ConsumeRest2020", "ConsumeRest2020\ConsumeRest2020.csproj", "{83B87B91-66FA-45B6-849E-C86DB36C321E}"
EndProject
Global
	GlobalSection(SolutionConfigurationPlatforms) = preSolution
		Debug|Any CPU = Debug|Any CPU
		Release|Any CPU = Release|Any CPU
	EndGlobalSection
	GlobalSection(ProjectConfigurationPlatforms) = postSolution
		{83B87B91-66FA-45B6-849E-C86DB36C321E}.Debug|Any CPU.ActiveCfg = Debug|Any CPU
		{83B87B91-66FA-45B6-849E-C86DB36C321E}.Debug|Any CPU.Build.0 = Debug|Any CPU
		{83B87B91-66FA-45B6-849E-C86DB36C321E}.Release|Any CPU.ActiveCfg = Release|Any CPU
		{83B87B91-66FA-45B6-849E-C86DB36C321E}.Release|Any CPU.Build.0 = Release|Any CPU
	EndGlobalSection
	GlobalSection(SolutionProperties) = preSolution
		HideSolutionNode = FALSE
	EndGlobalSection
	GlobalSection(ExtensibilityGlobals) = postSolution
		SolutionGuid = {A5031EAA-4565-4926-8ED0-C364D29F1D47}
	EndGlobalSection
EndGlobal
